Microsoft Visual Studio Solution File, Format Version 12.00
# Visual Studio Version 17
VisualStudioVersion = 17.13.35919.96
MinimumVisualStudioVersion = 10.0.40219.1
Project("{FAE04EC0-301F-11D3-BF4B-00C04F79EFBC}") = "ConversorUnidades_CGR", "ConversorUnidades_CGR\ConversorUnidades_CGR.csproj", "{307B00DA-62A7-43B4-9D2C-AC029A85216B}"
EndProject
Global
	GlobalSection(SolutionConfigurationPlatforms) = preSolution
		Debug|Any CPU = Debug|Any CPU
		Release|Any CPU = Release|Any CPU
	EndGlobalSection
	GlobalSection(ProjectConfigurationPlatforms) = postSolution
		{307B00DA-62A7-43B4-9D2C-AC029A85216B}.Debug|Any CPU.ActiveCfg = Debug|Any CPU
		{307B00DA-62A7-43B4-9D2C-AC029A85216B}.Debug|Any CPU.Build.0 = Debug|Any CPU
		{307B00DA-62A7-43B4-9D2C-AC029A85216B}.Release|Any CPU.ActiveCfg = Release|Any CPU
		{307B00DA-62A7-43B4-9D2C-AC029A85216B}.Release|Any CPU.Build.0 = Release|Any CPU
	EndGlobalSection
	GlobalSection(SolutionProperties) = preSolution
		HideSolutionNode = FALSE
	EndGlobalSection
	GlobalSection(ExtensibilityGlobals) = postSolution
		SolutionGuid = {EBC8AB5C-0FC8-48FD-915F-00886D0A69AB}
	EndGlobalSection
EndGlobal
